# THIS IS AN AUTOGENERATED FILE. DO NOT EDIT THIS FILE DIRECTLY.
# yarn lockfile v1


"@tanstack/react-table@^8.20.5":
  version "8.20.5"
  resolved "https://artifacts-read.gkp.jpmchase.net/artifactory/api/npm/npm/@tanstack/react-table/-/react-table-8.20.5.tgz#19987d101e1ea25ef5406dce4352cab3932449d8"
  integrity sha1-GZh9EB4eol71QG3OQ1LKs5MkSdg=
  dependencies:
    "@tanstack/table-core" "8.20.5"

"@tanstack/table-core@8.20.5":
  version "8.20.5"
  resolved "https://artifacts-read.gkp.jpmchase.net/artifactory/api/npm/npm/@tanstack/table-core/-/table-core-8.20.5.tgz#3974f0b090bed11243d4107283824167a395cf1d"
  integrity sha1-OXTwsJC+0RJD1BByg4JBZ6OVzx0=
